<?xml version="1.0" encoding="utf-8"?>
<Project ToolsVersion="4.0" xmlns="http://schemas.microsoft.com/developer/msbuild/2003">
  <ItemGroup>
    <Filter Include="Generated Files">
      <UniqueIdentifier>{71ED8ED8-ACB9-4CE9-BBE1-E00B30144E11}</UniqueIdentifier>
      <Extensions>moc;h;cpp</Extensions>
      <SourceControlFiles>False</SourceControlFiles>
    </Filter>
    <Filter Include="Sources">
      <UniqueIdentifier>{aa22075e-3f20-4d8d-9dd0-fa441cf76a50}</UniqueIdentifier>
      <Extensions>cpp;c;cc;cxx;def;odl;idl;hpj;bat;asm;asmx;h;hh;hpp;hxx;hm;inl;inc;xsd</Extensions>
    </Filter>
    <Filter Include="Resources">
      <UniqueIdentifier>{D9D6E242-F8AF-46E4-B9FD-80ECBC20BA3E}</UniqueIdentifier>
      <Extensions>qrc;rc;*</Extensions>
      <ParseFiles>false</ParseFiles>
    </Filter>
    <Filter Include="Resources\data">
      <UniqueIdentifier>{98f398f9-985e-407e-b534-0ae256f889f3}</UniqueIdentifier>
    </Filter>
    <Filter Include="Forms">
      <UniqueIdentifier>{99349809-55BA-4b9d-BF79-8FDBB0286EB3}</UniqueIdentifier>
      <Extensions>ui</Extensions>
    </Filter>
    <Filter Include="Sources\eos">
      <UniqueIdentifier>{85226451-9e4d-4558-b5e0-ef5e1440925c}</UniqueIdentifier>
    </Filter>
    <Filter Include="Sources\eos\internal">
      <UniqueIdentifier>{8351af27-d518-4e88-ac25-722d1cc11bd3}</UniqueIdentifier>
    </Filter>
  </ItemGroup>
  <ItemGroup>
    <Image Include="res\data\canon.ico">
      <Filter>Resources\data</Filter>
    </Image>
  </ItemGroup>
  <ItemGroup>
    <None Include="res\data\canon.xcf">
      <Filter>Resources\data</Filter>
    </None>
  </ItemGroup>
  <ItemGroup>
    <ResourceCompile Include="res\canoncontrol.rc">
      <Filter>Resources</Filter>
    </ResourceCompile>
  </ItemGroup>
  <ItemGroup>
    <CustomBuild Include="forms\cameraselection.ui">
      <Filter>Forms</Filter>
    </CustomBuild>
    <CustomBuild Include="forms\canoncontrol.ui">
      <Filter>Forms</Filter>
    </CustomBuild>
    <CustomBuild Include="src\cameraselection.hpp">
      <Filter>Sources</Filter>
    </CustomBuild>
    <CustomBuild Include="src\canoncontrol.hpp">
      <Filter>Sources</Filter>
    </CustomBuild>
    <CustomBuild Include="src\isospinbox.hpp">
      <Filter>Sources</Filter>
    </CustomBuild>
    <CustomBuild Include="src\eos\cameracontroller.hpp">
      <Filter>Sources\eos</Filter>
    </CustomBuild>
  </ItemGroup>
  <ItemGroup>
    <ClInclude Include="GeneratedFiles\ui_cameraselection.h">
      <Filter>Generated Files</Filter>
    </ClInclude>
    <ClInclude Include="GeneratedFiles\ui_canoncontrol.h">
      <Filter>Generated Files</Filter>
    </ClInclude>
    <ClInclude Include="src\converters.hpp">
      <Filter>Sources</Filter>
    </ClInclude>
    <ClInclude Include="src\resource.hpp">
      <Filter>Sources</Filter>
    </ClInclude>
    <ClInclude Include="src\eos\cameralist.hpp">
      <Filter>Sources\eos</Filter>
    </ClInclude>
    <ClInclude Include="src\eos\deviceinfo.hpp">
      <Filter>Sources\eos</Filter>
    </ClInclude>
    <ClInclude Include="src\eos\enums.hpp">
      <Filter>Sources\eos</Filter>
    </ClInclude>
    <ClInclude Include="src\eos\exceptions.hpp">
      <Filter>Sources\eos</Filter>
    </ClInclude>
    <ClInclude Include="src\eos\internal\sdkrefhandler.hpp">
      <Filter>Sources\eos\internal</Filter>
    </ClInclude>
    <ClInclude Include="src\eos\internal\utilities.hpp">
      <Filter>Sources\eos\internal</Filter>
    </ClInclude>
    <ClInclude Include="src\eos\devicelistchangedlistener.hpp">
      <Filter>Sources\eos</Filter>
    </ClInclude>
    <ClInclude Include="src\eos\deviceconnectionstatuslistener.hpp">
      <Filter>Sources\eos</Filter>
    </ClInclude>
    <ClInclude Include="src\eos\sdk.hpp">
      <Filter>Sources\eos</Filter>
    </ClInclude>
    <ClInclude Include="src\eos\internal\sdkimpl.hpp">
      <Filter>Sources\eos\internal</Filter>
    </ClInclude>
  </ItemGroup>
  <ItemGroup>
    <ClCompile Include="src\cameraselection.cpp">
      <Filter>Sources</Filter>
    </ClCompile>
    <ClCompile Include="GeneratedFiles\Debug\moc_cameraselection.cpp">
      <Filter>Generated Files</Filter>
    </ClCompile>
    <ClCompile Include="GeneratedFiles\Release\moc_cameraselection.cpp">
      <Filter>Generated Files</Filter>
    </ClCompile>
    <ClCompile Include="src\canoncontrol.cpp">
      <Filter>Sources</Filter>
    </ClCompile>
    <ClCompile Include="GeneratedFiles\Debug\moc_canoncontrol.cpp">
      <Filter>Generated Files</Filter>
    </ClCompile>
    <ClCompile Include="GeneratedFiles\Release\moc_canoncontrol.cpp">
      <Filter>Generated Files</Filter>
    </ClCompile>
    <ClCompile Include="src\converters.cpp">
      <Filter>Sources</Filter>
    </ClCompile>
    <ClCompile Include="src\isospinbox.cpp">
      <Filter>Sources</Filter>
    </ClCompile>
    <ClCompile Include="GeneratedFiles\Debug\moc_isospinbox.cpp">
      <Filter>Generated Files</Filter>
    </ClCompile>
    <ClCompile Include="GeneratedFiles\Release\moc_isospinbox.cpp">
      <Filter>Generated Files</Filter>
    </ClCompile>
    <ClCompile Include="src\main.cpp">
      <Filter>Sources</Filter>
    </ClCompile>
    <ClCompile Include="src\eos\cameracontroller.cpp">
      <Filter>Sources\eos</Filter>
    </ClCompile>
    <ClCompile Include="GeneratedFiles\Debug\moc_cameracontroller.cpp">
      <Filter>Generated Files</Filter>
    </ClCompile>
    <ClCompile Include="GeneratedFiles\Release\moc_cameracontroller.cpp">
      <Filter>Generated Files</Filter>
    </ClCompile>
    <ClCompile Include="src\eos\cameralist.cpp">
      <Filter>Sources\eos</Filter>
    </ClCompile>
    <ClCompile Include="src\eos\deviceinfo.cpp">
      <Filter>Sources\eos</Filter>
    </ClCompile>
    <ClCompile Include="src\eos\exceptions.cpp">
      <Filter>Sources\eos</Filter>
    </ClCompile>
    <ClCompile Include="src\eos\internal\sdkrefhandler.cpp">
      <Filter>Sources\eos\internal</Filter>
    </ClCompile>
    <ClCompile Include="src\eos\internal\utilities.cpp">
      <Filter>Sources\eos\internal</Filter>
    </ClCompile>
    <ClCompile Include="src\eos\sdk.cpp">
      <Filter>Sources\eos</Filter>
    </ClCompile>
    <ClCompile Include="src\eos\internal\sdkimpl.cpp">
      <Filter>Sources\eos\internal</Filter>
    </ClCompile>
  </ItemGroup>
</Project>